
Microsoft Visual Studio Solution File, Format Version 12.00
# Visual Studio 14
VisualStudioVersion = 14.0.25420.1
MinimumVisualStudioVersion = 10.0.40219.1
Project("{FAE04EC0-301F-11D3-BF4B-00C04F79EFBC}") = "GeneralServicevolume", "GeneralServicevolume\GeneralServicevolume.csproj", "{AE43695F-251A-4881-A975-8935E95CF9BB}"
EndProject
Project("{2150E333-8FDC-42A3-9474-1A3956D46DE8}") = "GeneralService.Utility", "GeneralService.Utility", "{220DFCCE-3503-479E-A666-70956C323B54}"
EndProject
Project("{FAE04EC0-301F-11D3-BF4B-00C04F79EFBC}") = "GeneralService.Utility.FileUtility", "GenaralService.Utility.FileUtility\GeneralService.Utility.FileUtility.csproj", "{25E3FB84-CEE6-4550-9B44-8705FB2A55A7}"
EndProject
Project("{FAE04EC0-301F-11D3-BF4B-00C04F79EFBC}") = "GeneralService.Utility.TextFileUtility", "GeneralService.Utility.TextFileUtility\GeneralService.Utility.TextFileUtility.csproj", "{58ED23B6-2D0F-4A8B-B731-71D8BF01A245}"
EndProject
Project("{FAE04EC0-301F-11D3-BF4B-00C04F79EFBC}") = "GenerralService.Utility.Tests", "GenerralService.Utility.Tests\GenerralService.Utility.Tests.csproj", "{FC1C98C6-BA7F-412B-9DC7-D38DE3D39815}"
EndProject
Project("{2150E333-8FDC-42A3-9474-1A3956D46DE8}") = "GeneralService.Core", "GeneralService.Core", "{6CC8C926-CE71-4D28-A7B4-1DEC2911968F}"
EndProject
Project("{FAE04EC0-301F-11D3-BF4B-00C04F79EFBC}") = "GeneralService.Core", "GeneralService.Core.Statistics\GeneralService.Core.csproj", "{A47299D4-E459-49C9-91ED-54602D802BE7}"
EndProject
Project("{FAE04EC0-301F-11D3-BF4B-00C04F79EFBC}") = "GeneralService.Core.StatisticsTests", "GeneralService.Core.StatisticsTests\GeneralService.Core.StatisticsTests.csproj", "{FB752FDB-34DC-4811-AE80-D5252F8781F1}"
EndProject
Project("{FAE04EC0-301F-11D3-BF4B-00C04F79EFBC}") = "textFileTest", "textFileTest\textFileTest.csproj", "{F4DF0ED5-3AD9-4092-9254-095850EFD1F7}"
EndProject
Project("{2150E333-8FDC-42A3-9474-1A3956D46DE8}") = "GeneralSerivce.Tests", "GeneralSerivce.Tests", "{ADD15BCE-7337-4749-92D2-ABF5897A30D5}"
EndProject
Project("{FAE04EC0-301F-11D3-BF4B-00C04F79EFBC}") = "GeneralService.ServiceVolume.ConsoleTests", "GeneralService.ServiceVolume.ConsoleTests\GeneralService.ServiceVolume.ConsoleTests.csproj", "{699C64CB-300F-4EA0-B5D6-36527BD63206}"
EndProject
Project("{00D1A9C2-B5F0-4AF3-8072-F6C62B433612}") = "GeneralService.DataBase", "GeneralService.DataBase\GeneralService.DataBase.sqlproj", "{8902D5BB-FDB9-49F4-9299-48CD91A27BAD}"
EndProject
Project("{2150E333-8FDC-42A3-9474-1A3956D46DE8}") = "GeneralService.Comunicate", "GeneralService.Comunicate", "{3361F5CD-DF59-421E-BE4F-A28E354D509E}"
EndProject
Project("{FAE04EC0-301F-11D3-BF4B-00C04F79EFBC}") = "GeneralService.Comunicate.SocketClient", "GeneralService.Comunicate.Message\GeneralService.Comunicate.SocketClient.csproj", "{CFAD3EF2-4D3B-4F29-B8E7-36802385C8D0}"
EndProject
Project("{FAE04EC0-301F-11D3-BF4B-00C04F79EFBC}") = "GeneralService.Comunicate.MessageTests", "GeneralService.Comunicate.MessageTests\GeneralService.Comunicate.MessageTests.csproj", "{DE5F88B5-408E-4AEA-92DB-02FDF92C4B99}"
EndProject
Project("{FAE04EC0-301F-11D3-BF4B-00C04F79EFBC}") = "GeneralService.Utility.ByteUtility", "GeneralService.Utility.ByteUtility\GeneralService.Utility.ByteUtility.csproj", "{6D82EF06-0722-4B64-9E44-D8ECE8C886DC}"
EndProject
Project("{FAE04EC0-301F-11D3-BF4B-00C04F79EFBC}") = "GeneralService.Message", "GeneralService.Message\GeneralService.Message.csproj", "{B9E62BD8-0D48-4CEC-B3CF-4450414BFD2E}"
EndProject
Project("{FAE04EC0-301F-11D3-BF4B-00C04F79EFBC}") = "GeneralService.MessageTests", "GeneralService.MessageTests\GeneralService.MessageTests.csproj", "{B704EE1A-5E22-4507-B164-83B058743A3B}"
EndProject
Global
	GlobalSection(SolutionConfigurationPlatforms) = preSolution
		Debug|Any CPU = Debug|Any CPU
		Release|Any CPU = Release|Any CPU
	EndGlobalSection
	GlobalSection(ProjectConfigurationPlatforms) = postSolution
		{AE43695F-251A-4881-A975-8935E95CF9BB}.Debug|Any CPU.ActiveCfg = Debug|Any CPU
		{AE43695F-251A-4881-A975-8935E95CF9BB}.Debug|Any CPU.Build.0 = Debug|Any CPU
		{AE43695F-251A-4881-A975-8935E95CF9BB}.Release|Any CPU.ActiveCfg = Release|Any CPU
		{AE43695F-251A-4881-A975-8935E95CF9BB}.Release|Any CPU.Build.0 = Release|Any CPU
		{25E3FB84-CEE6-4550-9B44-8705FB2A55A7}.Debug|Any CPU.ActiveCfg = Debug|Any CPU
		{25E3FB84-CEE6-4550-9B44-8705FB2A55A7}.Debug|Any CPU.Build.0 = Debug|Any CPU
		{25E3FB84-CEE6-4550-9B44-8705FB2A55A7}.Release|Any CPU.ActiveCfg = Release|Any CPU
		{25E3FB84-CEE6-4550-9B44-8705FB2A55A7}.Release|Any CPU.Build.0 = Release|Any CPU
		{58ED23B6-2D0F-4A8B-B731-71D8BF01A245}.Debug|Any CPU.ActiveCfg = Debug|Any CPU
		{58ED23B6-2D0F-4A8B-B731-71D8BF01A245}.Debug|Any CPU.Build.0 = Debug|Any CPU
		{58ED23B6-2D0F-4A8B-B731-71D8BF01A245}.Release|Any CPU.ActiveCfg = Release|Any CPU
		{58ED23B6-2D0F-4A8B-B731-71D8BF01A245}.Release|Any CPU.Build.0 = Release|Any CPU
		{FC1C98C6-BA7F-412B-9DC7-D38DE3D39815}.Debug|Any CPU.ActiveCfg = Debug|Any CPU
		{FC1C98C6-BA7F-412B-9DC7-D38DE3D39815}.Debug|Any CPU.Build.0 = Debug|Any CPU
		{FC1C98C6-BA7F-412B-9DC7-D38DE3D39815}.Release|Any CPU.ActiveCfg = Release|Any CPU
		{FC1C98C6-BA7F-412B-9DC7-D38DE3D39815}.Release|Any CPU.Build.0 = Release|Any CPU
		{A47299D4-E459-49C9-91ED-54602D802BE7}.Debug|Any CPU.ActiveCfg = Debug|Any CPU
		{A47299D4-E459-49C9-91ED-54602D802BE7}.Debug|Any CPU.Build.0 = Debug|Any CPU
		{A47299D4-E459-49C9-91ED-54602D802BE7}.Release|Any CPU.ActiveCfg = Release|Any CPU
		{A47299D4-E459-49C9-91ED-54602D802BE7}.Release|Any CPU.Build.0 = Release|Any CPU
		{FB752FDB-34DC-4811-AE80-D5252F8781F1}.Debug|Any CPU.ActiveCfg = Debug|Any CPU
		{FB752FDB-34DC-4811-AE80-D5252F8781F1}.Debug|Any CPU.Build.0 = Debug|Any CPU
		{FB752FDB-34DC-4811-AE80-D5252F8781F1}.Release|Any CPU.ActiveCfg = Release|Any CPU
		{FB752FDB-34DC-4811-AE80-D5252F8781F1}.Release|Any CPU.Build.0 = Release|Any CPU
		{F4DF0ED5-3AD9-4092-9254-095850EFD1F7}.Debug|Any CPU.ActiveCfg = Debug|Any CPU
		{F4DF0ED5-3AD9-4092-9254-095850EFD1F7}.Debug|Any CPU.Build.0 = Debug|Any CPU
		{F4DF0ED5-3AD9-4092-9254-095850EFD1F7}.Release|Any CPU.ActiveCfg = Release|Any CPU
		{F4DF0ED5-3AD9-4092-9254-095850EFD1F7}.Release|Any CPU.Build.0 = Release|Any CPU
		{699C64CB-300F-4EA0-B5D6-36527BD63206}.Debug|Any CPU.ActiveCfg = Debug|Any CPU
		{699C64CB-300F-4EA0-B5D6-36527BD63206}.Debug|Any CPU.Build.0 = Debug|Any CPU
		{699C64CB-300F-4EA0-B5D6-36527BD63206}.Release|Any CPU.ActiveCfg = Release|Any CPU
		{699C64CB-300F-4EA0-B5D6-36527BD63206}.Release|Any CPU.Build.0 = Release|Any CPU
		{8902D5BB-FDB9-49F4-9299-48CD91A27BAD}.Debug|Any CPU.ActiveCfg = Debug|Any CPU
		{8902D5BB-FDB9-49F4-9299-48CD91A27BAD}.Debug|Any CPU.Build.0 = Debug|Any CPU
		{8902D5BB-FDB9-49F4-9299-48CD91A27BAD}.Debug|Any CPU.Deploy.0 = Debug|Any CPU
		{8902D5BB-FDB9-49F4-9299-48CD91A27BAD}.Release|Any CPU.ActiveCfg = Release|Any CPU
		{8902D5BB-FDB9-49F4-9299-48CD91A27BAD}.Release|Any CPU.Build.0 = Release|Any CPU
		{8902D5BB-FDB9-49F4-9299-48CD91A27BAD}.Release|Any CPU.Deploy.0 = Release|Any CPU
		{CFAD3EF2-4D3B-4F29-B8E7-36802385C8D0}.Debug|Any CPU.ActiveCfg = Debug|Any CPU
		{CFAD3EF2-4D3B-4F29-B8E7-36802385C8D0}.Debug|Any CPU.Build.0 = Debug|Any CPU
		{CFAD3EF2-4D3B-4F29-B8E7-36802385C8D0}.Release|Any CPU.ActiveCfg = Release|Any CPU
		{CFAD3EF2-4D3B-4F29-B8E7-36802385C8D0}.Release|Any CPU.Build.0 = Release|Any CPU
		{DE5F88B5-408E-4AEA-92DB-02FDF92C4B99}.Debug|Any CPU.ActiveCfg = Debug|Any CPU
		{DE5F88B5-408E-4AEA-92DB-02FDF92C4B99}.Debug|Any CPU.Build.0 = Debug|Any CPU
		{DE5F88B5-408E-4AEA-92DB-02FDF92C4B99}.Release|Any CPU.ActiveCfg = Release|Any CPU
		{DE5F88B5-408E-4AEA-92DB-02FDF92C4B99}.Release|Any CPU.Build.0 = Release|Any CPU
		{6D82EF06-0722-4B64-9E44-D8ECE8C886DC}.Debug|Any CPU.ActiveCfg = Debug|Any CPU
		{6D82EF06-0722-4B64-9E44-D8ECE8C886DC}.Debug|Any CPU.Build.0 = Debug|Any CPU
		{6D82EF06-0722-4B64-9E44-D8ECE8C886DC}.Release|Any CPU.ActiveCfg = Release|Any CPU
		{6D82EF06-0722-4B64-9E44-D8ECE8C886DC}.Release|Any CPU.Build.0 = Release|Any CPU
		{B9E62BD8-0D48-4CEC-B3CF-4450414BFD2E}.Debug|Any CPU.ActiveCfg = Debug|Any CPU
		{B9E62BD8-0D48-4CEC-B3CF-4450414BFD2E}.Debug|Any CPU.Build.0 = Debug|Any CPU
		{B9E62BD8-0D48-4CEC-B3CF-4450414BFD2E}.Release|Any CPU.ActiveCfg = Release|Any CPU
		{B9E62BD8-0D48-4CEC-B3CF-4450414BFD2E}.Release|Any CPU.Build.0 = Release|Any CPU
		{B704EE1A-5E22-4507-B164-83B058743A3B}.Debug|Any CPU.ActiveCfg = Debug|Any CPU
		{B704EE1A-5E22-4507-B164-83B058743A3B}.Debug|Any CPU.Build.0 = Debug|Any CPU
		{B704EE1A-5E22-4507-B164-83B058743A3B}.Release|Any CPU.ActiveCfg = Release|Any CPU
		{B704EE1A-5E22-4507-B164-83B058743A3B}.Release|Any CPU.Build.0 = Release|Any CPU
	EndGlobalSection
	GlobalSection(SolutionProperties) = preSolution
		HideSolutionNode = FALSE
	EndGlobalSection
	GlobalSection(NestedProjects) = preSolution
		{25E3FB84-CEE6-4550-9B44-8705FB2A55A7} = {220DFCCE-3503-479E-A666-70956C323B54}
		{58ED23B6-2D0F-4A8B-B731-71D8BF01A245} = {220DFCCE-3503-479E-A666-70956C323B54}
		{FC1C98C6-BA7F-412B-9DC7-D38DE3D39815} = {ADD15BCE-7337-4749-92D2-ABF5897A30D5}
		{A47299D4-E459-49C9-91ED-54602D802BE7} = {6CC8C926-CE71-4D28-A7B4-1DEC2911968F}
		{FB752FDB-34DC-4811-AE80-D5252F8781F1} = {ADD15BCE-7337-4749-92D2-ABF5897A30D5}
		{F4DF0ED5-3AD9-4092-9254-095850EFD1F7} = {ADD15BCE-7337-4749-92D2-ABF5897A30D5}
		{699C64CB-300F-4EA0-B5D6-36527BD63206} = {ADD15BCE-7337-4749-92D2-ABF5897A30D5}
		{CFAD3EF2-4D3B-4F29-B8E7-36802385C8D0} = {3361F5CD-DF59-421E-BE4F-A28E354D509E}
		{6D82EF06-0722-4B64-9E44-D8ECE8C886DC} = {220DFCCE-3503-479E-A666-70956C323B54}
	EndGlobalSection
EndGlobal
